
Microsoft Visual Studio Solution File, Format Version 12.00
# Visual Studio Version 16
VisualStudioVersion = 16.0.31613.86
MinimumVisualStudioVersion = 10.0.40219.1
Project("{FAE04EC0-301F-11D3-BF4B-00C04F79EFBC}") = "MilkTea_Management", "MilkTea_Management\MilkTea_Management.csproj", "{A3F596D1-BFF5-444F-BADF-A7CFA45F3940}"
EndProject
Global
	GlobalSection(SolutionConfigurationPlatforms) = preSolution
		Debug|Any CPU = Debug|Any CPU
		Release|Any CPU = Release|Any CPU
	EndGlobalSection
	GlobalSection(ProjectConfigurationPlatforms) = postSolution
		{A3F596D1-BFF5-444F-BADF-A7CFA45F3940}.Debug|Any CPU.ActiveCfg = Debug|Any CPU
		{A3F596D1-BFF5-444F-BADF-A7CFA45F3940}.Debug|Any CPU.Build.0 = Debug|Any CPU
		{A3F596D1-BFF5-444F-BADF-A7CFA45F3940}.Release|Any CPU.ActiveCfg = Release|Any CPU
		{A3F596D1-BFF5-444F-BADF-A7CFA45F3940}.Release|Any CPU.Build.0 = Release|Any CPU
	EndGlobalSection
	GlobalSection(SolutionProperties) = preSolution
		HideSolutionNode = FALSE
	EndGlobalSection
	GlobalSection(ExtensibilityGlobals) = postSolution
		SolutionGuid = {7E917060-4B4B-4444-AEA3-07D5FCB39862}
	EndGlobalSection
EndGlobal
